
Microsoft Visual Studio Solution File, Format Version 12.00
# Visual Studio Express 2013 for Windows Desktop
VisualStudioVersion = 12.0.21005.1
MinimumVisualStudioVersion = 10.0.40219.1
Project("{FAE04EC0-301F-11D3-BF4B-00C04F79EFBC}") = "MPS_WSP_Console_CSharp", "MPS_WSP_Console_CSharp\MPS_WSP_Console_CSharp.csproj", "{DAA8A12C-894D-4CD5-942C-B8F84C2DC1D2}"
EndProject
Global
	GlobalSection(SolutionConfigurationPlatforms) = preSolution
		Debug|Any CPU = Debug|Any CPU
		Release|Any CPU = Release|Any CPU
	EndGlobalSection
	GlobalSection(ProjectConfigurationPlatforms) = postSolution
		{DAA8A12C-894D-4CD5-942C-B8F84C2DC1D2}.Debug|Any CPU.ActiveCfg = Debug|Any CPU
		{DAA8A12C-894D-4CD5-942C-B8F84C2DC1D2}.Debug|Any CPU.Build.0 = Debug|Any CPU
		{DAA8A12C-894D-4CD5-942C-B8F84C2DC1D2}.Release|Any CPU.ActiveCfg = Release|Any CPU
		{DAA8A12C-894D-4CD5-942C-B8F84C2DC1D2}.Release|Any CPU.Build.0 = Release|Any CPU
	EndGlobalSection
	GlobalSection(SolutionProperties) = preSolution
		HideSolutionNode = FALSE
	EndGlobalSection
EndGlobal
